{
  "name": "wordo",
  "version": "1.0.0",
  "lockfileVersion": 3,
  "requires": true,
  "packages": {
    "": {
      "name": "wordo",
      "version": "1.0.0",
      "license": "ISC",
      "dependencies": {
        "nakama-runtime": "github:heroiclabs/nakama-common"
      }
    },
    "node_modules/nakama-runtime": {
      "version": "1.36.0",
      "resolved": "git+ssh://git@github.com/heroiclabs/nakama-common.git#57d0140f5df6260301f33d98f9ed99d5597674b2",
      "license": "Apache-2.0"
    }
  }
}
